
Microsoft Visual Studio Solution File, Format Version 12.00
Project("{FAE04EC0-301F-11D3-BF4B-00C04F79EFBC}") = "Atol.NET", "Atol.NET\Atol.NET.csproj", "{9B2A8DC2-2082-4C95-9B11-7C4672D760EA}"
EndProject
Project("{FAE04EC0-301F-11D3-BF4B-00C04F79EFBC}") = "SourceGenerators", "SourceGenerators\SourceGenerators.csproj", "{CBF099DE-8B05-4010-9092-723CFF26DCF6}"
EndProject
Global
	GlobalSection(SolutionConfigurationPlatforms) = preSolution
		Debug|Any CPU = Debug|Any CPU
		Release|Any CPU = Release|Any CPU
	EndGlobalSection
	GlobalSection(ProjectConfigurationPlatforms) = postSolution
		{9B2A8DC2-2082-4C95-9B11-7C4672D760EA}.Debug|Any CPU.ActiveCfg = Debug|Any CPU
		{9B2A8DC2-2082-4C95-9B11-7C4672D760EA}.Debug|Any CPU.Build.0 = Debug|Any CPU
		{9B2A8DC2-2082-4C95-9B11-7C4672D760EA}.Release|Any CPU.ActiveCfg = Release|Any CPU
		{9B2A8DC2-2082-4C95-9B11-7C4672D760EA}.Release|Any CPU.Build.0 = Release|Any CPU
		{CBF099DE-8B05-4010-9092-723CFF26DCF6}.Debug|Any CPU.ActiveCfg = Debug|Any CPU
		{CBF099DE-8B05-4010-9092-723CFF26DCF6}.Debug|Any CPU.Build.0 = Debug|Any CPU
		{CBF099DE-8B05-4010-9092-723CFF26DCF6}.Release|Any CPU.ActiveCfg = Release|Any CPU
		{CBF099DE-8B05-4010-9092-723CFF26DCF6}.Release|Any CPU.Build.0 = Release|Any CPU
	EndGlobalSection
EndGlobal
